{
  "name": "Avain",
  "version": "0.5.1",
  "lockfileVersion": 1,
  "requires": true,
  "dependencies": {
    "argparse": {
      "version": "1.0.10",
      "resolved": "https://registry.npmjs.org/argparse/-/argparse-1.0.10.tgz",
      "integrity": "sha512-o5Roy6tNG4SL/FOkCAN6RzjiakZS25RLYFrcMttJqbdd8BWrnA+fGz57iN5Pb06pvBGvl5gQ0B48dJlslXvoTg==",
      "requires": {
        "sprintf-js": "~1.0.2"
      }
    },
    "bluebird": {
      "version": "3.5.3",
      "resolved": "https://registry.npmjs.org/bluebird/-/bluebird-3.5.3.tgz",
      "integrity": "sha512-/qKPUQlaW1OyR51WeCPBvRnAlnZFUJkCSG5HzGnuIqhgyJtF+T94lFnn33eiazjRm2LAHVy2guNnaq48X9SJuw=="
    },
    "bluebird-lst": {
      "version": "1.0.6",
      "resolved": "https://registry.npmjs.org/bluebird-lst/-/bluebird-lst-1.0.6.tgz",
      "integrity": "sha512-CBWFoPuUPpcvMUxfyr8DKdI5d4kjxFl1h39+VbKxP3KJWJHEsLtuT4pPLkjpxCGU6Ask21tvbnftWXdqIxYldQ==",
      "requires": {
        "bluebird": "^3.5.2"
      }
    },
    "buffer-from": {
      "version": "1.1.1",
      "resolved": "https://registry.npmjs.org/buffer-from/-/buffer-from-1.1.1.tgz",
      "integrity": "sha512-MQcXEUbCKtEo7bhqEs6560Hyd4XaovZlO/k9V3hjVUF/zwW7KBVdSK4gIt/bzwS9MbR5qob+F5jusZsb0YQK2A=="
    },
    "builder-util-runtime": {
      "version": "8.0.2",
      "resolved": "https://registry.npmjs.org/builder-util-runtime/-/builder-util-runtime-8.0.2.tgz",
      "integrity": "sha512-46AjyMQ1/yBvGnXWmqNGlg8te7jCPCs7TJ0zDC2+4vV/t5iZp2dR1H9UfVpcBxlvBq3dlAOmwb9fz1d9xZN1+Q==",
      "requires": {
        "bluebird-lst": "^1.0.6",
        "debug": "^4.1.0",
        "fs-extra-p": "^7.0.0",
        "sax": "^1.2.4"
      }
    },
    "debug": {
      "version": "4.1.0",
      "resolved": "https://registry.npmjs.org/debug/-/debug-4.1.0.tgz",
      "integrity": "sha512-heNPJUJIqC+xB6ayLAMHaIrmN9HKa7aQO8MGqKpvCA+uJYVcvR6l5kgdrhRuwPFHU7P5/A1w0BjByPHwpfTDKg==",
      "requires": {
        "ms": "^2.1.1"
      }
    },
    "electron-log": {
      "version": "2.2.17",
      "resolved": "https://registry.npmjs.org/electron-log/-/electron-log-2.2.17.tgz",
      "integrity": "sha512-v+Af5W5z99ehhaLOfE9eTSXUwjzh2wFlQjz51dvkZ6ZIrET6OB/zAZPvsuwT6tm3t5x+M1r+Ed3U3xtPZYAyuQ=="
    },
    "electron-positioner": {
      "version": "3.0.1",
      "resolved": "https://registry.npmjs.org/electron-positioner/-/electron-positioner-3.0.1.tgz",
      "integrity": "sha512-zQsnNzJB2PY6KEcGFXAoW6iIKtZ+3nbpVozKN7jhdRdRHMFpEpGufwcfrKhnEBBwrfHpyFQgU+p5jkteLIV+Jg=="
    },
    "electron-updater": {
      "version": "4.0.4",
      "resolved": "https://registry.npmjs.org/electron-updater/-/electron-updater-4.0.4.tgz",
      "integrity": "sha512-y3wddJQyC5h1UTJhNAWoX4McJ5Z1r1ZDqyifpYWniVS286YCXe1xSLkbe9C6ZzxzPurt1jg2ZubPuBNt/811Dw==",
      "requires": {
        "bluebird-lst": "^1.0.6",
        "builder-util-runtime": "~8.0.2",
        "fs-extra-p": "^7.0.0",
        "js-yaml": "^3.12.0",
        "lazy-val": "^1.0.3",
        "lodash.isequal": "^4.5.0",
        "pako": "^1.0.6",
        "semver": "^5.6.0",
        "source-map-support": "^0.5.9"
      }
    },
    "esprima": {
      "version": "4.0.1",
      "resolved": "https://registry.npmjs.org/esprima/-/esprima-4.0.1.tgz",
      "integrity": "sha512-eGuFFw7Upda+g4p+QHvnW0RyTX/SVeJBDM/gCtMARO0cLuT2HcEKnTPvhjV6aGeqrCB/sbNop0Kszm0jsaWU4A=="
    },
    "extend": {
      "version": "2.0.2",
      "resolved": "https://registry.npmjs.org/extend/-/extend-2.0.2.tgz",
      "integrity": "sha512-AgFD4VU+lVLP6vjnlNfF7OeInLTyeyckCNPEsuxz1vi786UuK/nk6ynPuhn/h+Ju9++TQyr5EpLRI14fc1QtTQ=="
    },
    "fs-extra": {
      "version": "7.0.1",
      "resolved": "https://registry.npmjs.org/fs-extra/-/fs-extra-7.0.1.tgz",
      "integrity": "sha512-YJDaCJZEnBmcbw13fvdAM9AwNOJwOzrE4pqMqBq5nFiEqXUqHwlK4B+3pUw6JNvfSPtX05xFHtYy/1ni01eGCw==",
      "requires": {
        "graceful-fs": "^4.1.2",
        "jsonfile": "^4.0.0",
        "universalify": "^0.1.0"
      }
    },
    "fs-extra-p": {
      "version": "7.0.0",
      "resolved": "https://registry.npmjs.org/fs-extra-p/-/fs-extra-p-7.0.0.tgz",
      "integrity": "sha512-5tg5jBOd0xIXjwj4PDnafOXL5TyPVzjxLby4DPKev53wurEXp7IsojBaD4Lj5M5w7jxw0pbkEU0fFEPmcKoMnA==",
      "requires": {
        "bluebird-lst": "^1.0.6",
        "fs-extra": "^7.0.0"
      }
    },
    "graceful-fs": {
      "version": "4.1.15",
      "resolved": "https://registry.npmjs.org/graceful-fs/-/graceful-fs-4.1.15.tgz",
      "integrity": "sha512-6uHUhOPEBgQ24HM+r6b/QwWfZq+yiFcipKFrOFiBEnWdy5sdzYoi+pJeQaPI5qOLRFqWmAXUPQNsielzdLoecA=="
    },
    "js-yaml": {
      "version": "3.13.1",
      "resolved": "https://registry.npmjs.org/js-yaml/-/js-yaml-3.13.1.tgz",
      "integrity": "sha512-YfbcO7jXDdyj0DGxYVSlSeQNHbD7XPWvrVWeVUujrQEoZzWJIRrCPoyk6kL6IAjAG2IolMK4T0hNUe0HOUs5Jw==",
      "requires": {
        "argparse": "^1.0.7",
        "esprima": "^4.0.0"
      }
    },
    "jsonfile": {
      "version": "4.0.0",
      "resolved": "https://registry.npmjs.org/jsonfile/-/jsonfile-4.0.0.tgz",
      "integrity": "sha1-h3Gq4HmbZAdrdmQPygWPnBDjPss=",
      "requires": {
        "graceful-fs": "^4.1.6"
      }
    },
    "lazy-val": {
      "version": "1.0.3",
      "resolved": "https://registry.npmjs.org/lazy-val/-/lazy-val-1.0.3.tgz",
      "integrity": "sha512-pjCf3BYk+uv3ZcPzEVM0BFvO9Uw58TmlrU0oG5tTrr9Kcid3+kdKxapH8CjdYmVa2nO5wOoZn2rdvZx2PKj/xg=="
    },
    "lodash.isequal": {
      "version": "4.5.0",
      "resolved": "https://registry.npmjs.org/lodash.isequal/-/lodash.isequal-4.5.0.tgz",
      "integrity": "sha1-QVxEePK8wwEgwizhDtMib30+GOA="
    },
    "menubar": {
      "version": "5.2.3",
      "resolved": "https://registry.npmjs.org/menubar/-/menubar-5.2.3.tgz",
      "integrity": "sha1-jydhWXtKDuh+3wSofYqrGqwsROk=",
      "requires": {
        "electron-positioner": "^3.0.0",
        "extend": "^2.0.0"
      }
    },
    "ms": {
      "version": "2.1.1",
      "resolved": "https://registry.npmjs.org/ms/-/ms-2.1.1.tgz",
      "integrity": "sha512-tgp+dl5cGk28utYktBsrFqA7HKgrhgPsg6Z/EfhWI4gl1Hwq8B/GmY/0oXZ6nF8hDVesS/FpnYaD/kOWhYQvyg=="
    },
    "pako": {
      "version": "1.0.6",
      "resolved": "https://registry.npmjs.org/pako/-/pako-1.0.6.tgz",
      "integrity": "sha512-lQe48YPsMJAig+yngZ87Lus+NF+3mtu7DVOBu6b/gHO1YpKwIj5AWjZ/TOS7i46HD/UixzWb1zeWDZfGZ3iYcg=="
    },
    "sax": {
      "version": "1.2.4",
      "resolved": "https://registry.npmjs.org/sax/-/sax-1.2.4.tgz",
      "integrity": "sha512-NqVDv9TpANUjFm0N8uM5GxL36UgKi9/atZw+x7YFnQ8ckwFGKrl4xX4yWtrey3UJm5nP1kUbnYgLopqWNSRhWw=="
    },
    "semver": {
      "version": "5.6.0",
      "resolved": "https://registry.npmjs.org/semver/-/semver-5.6.0.tgz",
      "integrity": "sha512-RS9R6R35NYgQn++fkDWaOmqGoj4Ek9gGs+DPxNUZKuwE183xjJroKvyo1IzVFeXvUrvmALy6FWD5xrdJT25gMg=="
    },
    "source-map": {
      "version": "0.6.1",
      "resolved": "https://registry.npmjs.org/source-map/-/source-map-0.6.1.tgz",
      "integrity": "sha512-UjgapumWlbMhkBgzT7Ykc5YXUT46F0iKu8SGXq0bcwP5dz/h0Plj6enJqjz1Zbq2l5WaqYnrVbwWOWMyF3F47g=="
    },
    "source-map-support": {
      "version": "0.5.9",
      "resolved": "https://registry.npmjs.org/source-map-support/-/source-map-support-0.5.9.tgz",
      "integrity": "sha512-gR6Rw4MvUlYy83vP0vxoVNzM6t8MUXqNuRsuBmBHQDu1Fh6X015FrLdgoDKcNdkwGubozq0P4N0Q37UyFVr1EA==",
      "requires": {
        "buffer-from": "^1.0.0",
        "source-map": "^0.6.0"
      }
    },
    "sprintf-js": {
      "version": "1.0.3",
      "resolved": "https://registry.npmjs.org/sprintf-js/-/sprintf-js-1.0.3.tgz",
      "integrity": "sha1-BOaSb2YolTVPPdAVIDYzuFcpfiw="
    },
    "universalify": {
      "version": "0.1.2",
      "resolved": "https://registry.npmjs.org/universalify/-/universalify-0.1.2.tgz",
      "integrity": "sha512-rBJeI5CXAlmy1pV+617WB9J63U6XcazHHF2f2dbJix4XzpUF0RS3Zbj0FGIOCAva5P/d/GBOYaACQ1w+0azUkg=="
    }
  }
}
